
Microsoft Visual Studio Solution File, Format Version 12.00
# Visual Studio Version 17
VisualStudioVersion = 17.3.32901.215
MinimumVisualStudioVersion = 10.0.40219.1
Project("{FAE04EC0-301F-11D3-BF4B-00C04F79EFBC}") = "TestTask1(.net framework 4.7.2)", "TestTask1(.net framework 4.7.2)\TestTask1(.net framework 4.7.2).csproj", "{0FBEB979-5DB0-4EEB-9C63-EB44174D9102}"
EndProject
Project("{2150E333-8FDC-42A3-9474-1A3956D46DE8}") = "Domein", "Domein", "{B6EBAC4E-3E16-4D50-8B92-6C710D0E76B7}"
EndProject
Project("{FAE04EC0-301F-11D3-BF4B-00C04F79EFBC}") = "Core", "Core\Core.csproj", "{C4A50D3B-65A9-4915-B02B-8B521533B6B5}"
EndProject
Project("{FAE04EC0-301F-11D3-BF4B-00C04F79EFBC}") = "Interfaces", "Interfaces\Interfaces.csproj", "{AA0FF849-0032-4C69-8F73-3518F92777AB}"
EndProject
Project("{2150E333-8FDC-42A3-9474-1A3956D46DE8}") = "AllTC", "AllTC", "{0670AC25-52A1-4AF7-AA24-346F0E211578}"
EndProject
Project("{FAE04EC0-301F-11D3-BF4B-00C04F79EFBC}") = "PEK", "PEK\PEK.csproj", "{F6C8D93C-E606-4030-BD23-C05E7096873C}"
EndProject
Project("{FAE04EC0-301F-11D3-BF4B-00C04F79EFBC}") = "SDEK", "SDEK\SDEK.csproj", "{02476694-A96A-4B7A-A7B9-CDA42CF3D99B}"
EndProject
Project("{FAE04EC0-301F-11D3-BF4B-00C04F79EFBC}") = "Energy", "Energy\Energy.csproj", "{E91377D6-1FC8-4D25-A742-028DB4355663}"
EndProject
Project("{2150E333-8FDC-42A3-9474-1A3956D46DE8}") = "Infrastructure", "Infrastructure", "{229E0C60-E34B-4FF5-AD66-590AB63F4C48}"
EndProject
Project("{FAE04EC0-301F-11D3-BF4B-00C04F79EFBC}") = "Data", "Data\Data.csproj", "{88B557CF-1864-49C8-AE5A-04739A460E1F}"
EndProject
Project("{FAE04EC0-301F-11D3-BF4B-00C04F79EFBC}") = "Repositories", "Repositories\Repositories.csproj", "{C7566A3E-3181-4671-BC63-E2B503310130}"
EndProject
Project("{2150E333-8FDC-42A3-9474-1A3956D46DE8}") = "Services", "Services", "{F0BE3F66-DF39-46A4-87EF-459787C63B2D}"
EndProject
Project("{FAE04EC0-301F-11D3-BF4B-00C04F79EFBC}") = "JsonModels", "JsonModels\JsonModels.csproj", "{0D722C83-D373-4DC2-A58E-F8A0774DA0FD}"
EndProject
Project("{FAE04EC0-301F-11D3-BF4B-00C04F79EFBC}") = "Logic", "Logic\Logic.csproj", "{92CE11C0-A31E-4E34-B54A-12BE1C17FD09}"
EndProject
Project("{FAE04EC0-301F-11D3-BF4B-00C04F79EFBC}") = "Services.Interfaces", "Services.Interfaces\Services.Interfaces.csproj", "{F3EB1CF0-397F-4F2B-AD15-D2A39599C07F}"
EndProject
Project("{FAE04EC0-301F-11D3-BF4B-00C04F79EFBC}") = "ClassLibrary1", "ClassLibrary1\ClassLibrary1.csproj", "{B1C28DB3-AD18-4EC0-AC86-93ABDA08F44B}"
EndProject
Global
	GlobalSection(SolutionConfigurationPlatforms) = preSolution
		Debug|Any CPU = Debug|Any CPU
		Release|Any CPU = Release|Any CPU
	EndGlobalSection
	GlobalSection(ProjectConfigurationPlatforms) = postSolution
		{0FBEB979-5DB0-4EEB-9C63-EB44174D9102}.Debug|Any CPU.ActiveCfg = Debug|Any CPU
		{0FBEB979-5DB0-4EEB-9C63-EB44174D9102}.Debug|Any CPU.Build.0 = Debug|Any CPU
		{0FBEB979-5DB0-4EEB-9C63-EB44174D9102}.Release|Any CPU.ActiveCfg = Release|Any CPU
		{0FBEB979-5DB0-4EEB-9C63-EB44174D9102}.Release|Any CPU.Build.0 = Release|Any CPU
		{C4A50D3B-65A9-4915-B02B-8B521533B6B5}.Debug|Any CPU.ActiveCfg = Debug|Any CPU
		{C4A50D3B-65A9-4915-B02B-8B521533B6B5}.Debug|Any CPU.Build.0 = Debug|Any CPU
		{C4A50D3B-65A9-4915-B02B-8B521533B6B5}.Release|Any CPU.ActiveCfg = Release|Any CPU
		{C4A50D3B-65A9-4915-B02B-8B521533B6B5}.Release|Any CPU.Build.0 = Release|Any CPU
		{AA0FF849-0032-4C69-8F73-3518F92777AB}.Debug|Any CPU.ActiveCfg = Debug|Any CPU
		{AA0FF849-0032-4C69-8F73-3518F92777AB}.Debug|Any CPU.Build.0 = Debug|Any CPU
		{AA0FF849-0032-4C69-8F73-3518F92777AB}.Release|Any CPU.ActiveCfg = Release|Any CPU
		{AA0FF849-0032-4C69-8F73-3518F92777AB}.Release|Any CPU.Build.0 = Release|Any CPU
		{F6C8D93C-E606-4030-BD23-C05E7096873C}.Debug|Any CPU.ActiveCfg = Debug|Any CPU
		{F6C8D93C-E606-4030-BD23-C05E7096873C}.Debug|Any CPU.Build.0 = Debug|Any CPU
		{F6C8D93C-E606-4030-BD23-C05E7096873C}.Release|Any CPU.ActiveCfg = Release|Any CPU
		{F6C8D93C-E606-4030-BD23-C05E7096873C}.Release|Any CPU.Build.0 = Release|Any CPU
		{02476694-A96A-4B7A-A7B9-CDA42CF3D99B}.Debug|Any CPU.ActiveCfg = Debug|Any CPU
		{02476694-A96A-4B7A-A7B9-CDA42CF3D99B}.Debug|Any CPU.Build.0 = Debug|Any CPU
		{02476694-A96A-4B7A-A7B9-CDA42CF3D99B}.Release|Any CPU.ActiveCfg = Release|Any CPU
		{02476694-A96A-4B7A-A7B9-CDA42CF3D99B}.Release|Any CPU.Build.0 = Release|Any CPU
		{E91377D6-1FC8-4D25-A742-028DB4355663}.Debug|Any CPU.ActiveCfg = Debug|Any CPU
		{E91377D6-1FC8-4D25-A742-028DB4355663}.Debug|Any CPU.Build.0 = Debug|Any CPU
		{E91377D6-1FC8-4D25-A742-028DB4355663}.Release|Any CPU.ActiveCfg = Release|Any CPU
		{E91377D6-1FC8-4D25-A742-028DB4355663}.Release|Any CPU.Build.0 = Release|Any CPU
		{88B557CF-1864-49C8-AE5A-04739A460E1F}.Debug|Any CPU.ActiveCfg = Debug|Any CPU
		{88B557CF-1864-49C8-AE5A-04739A460E1F}.Debug|Any CPU.Build.0 = Debug|Any CPU
		{88B557CF-1864-49C8-AE5A-04739A460E1F}.Release|Any CPU.ActiveCfg = Release|Any CPU
		{88B557CF-1864-49C8-AE5A-04739A460E1F}.Release|Any CPU.Build.0 = Release|Any CPU
		{C7566A3E-3181-4671-BC63-E2B503310130}.Debug|Any CPU.ActiveCfg = Debug|Any CPU
		{C7566A3E-3181-4671-BC63-E2B503310130}.Debug|Any CPU.Build.0 = Debug|Any CPU
		{C7566A3E-3181-4671-BC63-E2B503310130}.Release|Any CPU.ActiveCfg = Release|Any CPU
		{C7566A3E-3181-4671-BC63-E2B503310130}.Release|Any CPU.Build.0 = Release|Any CPU
		{0D722C83-D373-4DC2-A58E-F8A0774DA0FD}.Debug|Any CPU.ActiveCfg = Debug|Any CPU
		{0D722C83-D373-4DC2-A58E-F8A0774DA0FD}.Debug|Any CPU.Build.0 = Debug|Any CPU
		{0D722C83-D373-4DC2-A58E-F8A0774DA0FD}.Release|Any CPU.ActiveCfg = Release|Any CPU
		{0D722C83-D373-4DC2-A58E-F8A0774DA0FD}.Release|Any CPU.Build.0 = Release|Any CPU
		{92CE11C0-A31E-4E34-B54A-12BE1C17FD09}.Debug|Any CPU.ActiveCfg = Debug|Any CPU
		{92CE11C0-A31E-4E34-B54A-12BE1C17FD09}.Debug|Any CPU.Build.0 = Debug|Any CPU
		{92CE11C0-A31E-4E34-B54A-12BE1C17FD09}.Release|Any CPU.ActiveCfg = Release|Any CPU
		{92CE11C0-A31E-4E34-B54A-12BE1C17FD09}.Release|Any CPU.Build.0 = Release|Any CPU
		{F3EB1CF0-397F-4F2B-AD15-D2A39599C07F}.Debug|Any CPU.ActiveCfg = Debug|Any CPU
		{F3EB1CF0-397F-4F2B-AD15-D2A39599C07F}.Debug|Any CPU.Build.0 = Debug|Any CPU
		{F3EB1CF0-397F-4F2B-AD15-D2A39599C07F}.Release|Any CPU.ActiveCfg = Release|Any CPU
		{F3EB1CF0-397F-4F2B-AD15-D2A39599C07F}.Release|Any CPU.Build.0 = Release|Any CPU
		{B1C28DB3-AD18-4EC0-AC86-93ABDA08F44B}.Debug|Any CPU.ActiveCfg = Debug|Any CPU
		{B1C28DB3-AD18-4EC0-AC86-93ABDA08F44B}.Debug|Any CPU.Build.0 = Debug|Any CPU
		{B1C28DB3-AD18-4EC0-AC86-93ABDA08F44B}.Release|Any CPU.ActiveCfg = Release|Any CPU
		{B1C28DB3-AD18-4EC0-AC86-93ABDA08F44B}.Release|Any CPU.Build.0 = Release|Any CPU
	EndGlobalSection
	GlobalSection(SolutionProperties) = preSolution
		HideSolutionNode = FALSE
	EndGlobalSection
	GlobalSection(NestedProjects) = preSolution
		{C4A50D3B-65A9-4915-B02B-8B521533B6B5} = {B6EBAC4E-3E16-4D50-8B92-6C710D0E76B7}
		{AA0FF849-0032-4C69-8F73-3518F92777AB} = {B6EBAC4E-3E16-4D50-8B92-6C710D0E76B7}
		{F6C8D93C-E606-4030-BD23-C05E7096873C} = {0670AC25-52A1-4AF7-AA24-346F0E211578}
		{02476694-A96A-4B7A-A7B9-CDA42CF3D99B} = {0670AC25-52A1-4AF7-AA24-346F0E211578}
		{E91377D6-1FC8-4D25-A742-028DB4355663} = {0670AC25-52A1-4AF7-AA24-346F0E211578}
		{88B557CF-1864-49C8-AE5A-04739A460E1F} = {229E0C60-E34B-4FF5-AD66-590AB63F4C48}
		{C7566A3E-3181-4671-BC63-E2B503310130} = {229E0C60-E34B-4FF5-AD66-590AB63F4C48}
		{0D722C83-D373-4DC2-A58E-F8A0774DA0FD} = {F0BE3F66-DF39-46A4-87EF-459787C63B2D}
		{92CE11C0-A31E-4E34-B54A-12BE1C17FD09} = {F0BE3F66-DF39-46A4-87EF-459787C63B2D}
		{F3EB1CF0-397F-4F2B-AD15-D2A39599C07F} = {F0BE3F66-DF39-46A4-87EF-459787C63B2D}
		{B1C28DB3-AD18-4EC0-AC86-93ABDA08F44B} = {229E0C60-E34B-4FF5-AD66-590AB63F4C48}
	EndGlobalSection
	GlobalSection(ExtensibilityGlobals) = postSolution
		SolutionGuid = {155A4D7D-721D-432E-8FE2-9170F44A9471}
	EndGlobalSection
EndGlobal
